
Microsoft Visual Studio Solution File, Format Version 12.00
# Visual Studio 14
VisualStudioVersion = 14.0.23107.0
MinimumVisualStudioVersion = 10.0.40219.1
Project("{FAE04EC0-301F-11D3-BF4B-00C04F79EFBC}") = "BMPConverter", "BMPConverter\BMPConverter.csproj", "{74B4F1BB-6673-404B-AFE0-CB7A4AD03218}"
EndProject
Global
	GlobalSection(SolutionConfigurationPlatforms) = preSolution
		Debug|Any CPU = Debug|Any CPU
		Release|Any CPU = Release|Any CPU
	EndGlobalSection
	GlobalSection(ProjectConfigurationPlatforms) = postSolution
		{74B4F1BB-6673-404B-AFE0-CB7A4AD03218}.Debug|Any CPU.ActiveCfg = Debug|Any CPU
		{74B4F1BB-6673-404B-AFE0-CB7A4AD03218}.Debug|Any CPU.Build.0 = Debug|Any CPU
		{74B4F1BB-6673-404B-AFE0-CB7A4AD03218}.Release|Any CPU.ActiveCfg = Release|Any CPU
		{74B4F1BB-6673-404B-AFE0-CB7A4AD03218}.Release|Any CPU.Build.0 = Release|Any CPU
	EndGlobalSection
	GlobalSection(SolutionProperties) = preSolution
		HideSolutionNode = FALSE
	EndGlobalSection
EndGlobal
